
Microsoft Visual Studio Solution File, Format Version 12.00
# Visual Studio Version 16
VisualStudioVersion = 16.0.32802.440
MinimumVisualStudioVersion = 10.0.40219.1
Project("{9A19103F-16F7-4668-BE54-9A1E7A4F7556}") = "DiscordBotTest", "DiscordBotTest\DiscordBotTest.csproj", "{214231CD-06F8-4D09-A427-49EC42B75582}"
	ProjectSection(ProjectDependencies) = postProject
		{5654B1F0-2B02-41B7-81F9-C7DAD7801240} = {5654B1F0-2B02-41B7-81F9-C7DAD7801240}
	EndProjectSection
EndProject
Project("{9A19103F-16F7-4668-BE54-9A1E7A4F7556}") = "DiscordBotTest.DAL", "DiscordBotTest.DAL\DiscordBotTest.DAL.csproj", "{593EEBF1-BBA9-4D27-A132-B74665593CD9}"
EndProject
Project("{FAE04EC0-301F-11D3-BF4B-00C04F79EFBC}") = "DiscordBotTest.DAL.Migrations", "DiscordBotTest.DAL.Migrations\DiscordBotTest.DAL.Migrations.csproj", "{5654B1F0-2B02-41B7-81F9-C7DAD7801240}"
EndProject
Global
	GlobalSection(SolutionConfigurationPlatforms) = preSolution
		Debug|Any CPU = Debug|Any CPU
		Release|Any CPU = Release|Any CPU
	EndGlobalSection
	GlobalSection(ProjectConfigurationPlatforms) = postSolution
		{214231CD-06F8-4D09-A427-49EC42B75582}.Debug|Any CPU.ActiveCfg = Debug|Any CPU
		{214231CD-06F8-4D09-A427-49EC42B75582}.Debug|Any CPU.Build.0 = Debug|Any CPU
		{214231CD-06F8-4D09-A427-49EC42B75582}.Release|Any CPU.ActiveCfg = Release|Any CPU
		{214231CD-06F8-4D09-A427-49EC42B75582}.Release|Any CPU.Build.0 = Release|Any CPU
		{593EEBF1-BBA9-4D27-A132-B74665593CD9}.Debug|Any CPU.ActiveCfg = Debug|Any CPU
		{593EEBF1-BBA9-4D27-A132-B74665593CD9}.Debug|Any CPU.Build.0 = Debug|Any CPU
		{593EEBF1-BBA9-4D27-A132-B74665593CD9}.Release|Any CPU.ActiveCfg = Release|Any CPU
		{593EEBF1-BBA9-4D27-A132-B74665593CD9}.Release|Any CPU.Build.0 = Release|Any CPU
		{5654B1F0-2B02-41B7-81F9-C7DAD7801240}.Debug|Any CPU.ActiveCfg = Debug|Any CPU
		{5654B1F0-2B02-41B7-81F9-C7DAD7801240}.Debug|Any CPU.Build.0 = Debug|Any CPU
		{5654B1F0-2B02-41B7-81F9-C7DAD7801240}.Release|Any CPU.ActiveCfg = Release|Any CPU
		{5654B1F0-2B02-41B7-81F9-C7DAD7801240}.Release|Any CPU.Build.0 = Release|Any CPU
	EndGlobalSection
	GlobalSection(SolutionProperties) = preSolution
		HideSolutionNode = FALSE
	EndGlobalSection
	GlobalSection(ExtensibilityGlobals) = postSolution
		SolutionGuid = {511FE5A1-DA9B-4AA8-911C-F92705939031}
	EndGlobalSection
EndGlobal
